{
  "version": 4,
  "terraform_version": "1.13.3",
  "serial": 21,
  "lineage": "14a67ccd-ecf8-fd29-cdfc-68d03895a606",
  "outputs": {
    "k8s_ips": {
      "value": [
        "10.3.6.132",
        "10.3.6.130",
        "10.3.6.131"
      ],
      "type": [
        "tuple",
        [
          "string",
          "string",
          "string"
        ]
      ]
    }
  },
  "resources": [
    {
      "mode": "managed",
      "type": "local_file",
      "name": "ansible_inventory",
      "provider": "provider[\"registry.terraform.io/hashicorp/local\"]",
      "instances": [
        {
          "schema_version": 0,
          "attributes": {
            "content": "# terraform/inventory.tpl\n\n[k8s_cluster]\nk8s-1 ansible_host=10.3.6.132\nk8s-2 ansible_host=10.3.6.130\nk8s-3 ansible_host=10.3.6.131\n\n[k8s_cluster:vars]\nansible_user=ubuntu\nansible_ssh_private_key_file=~/.ssh/id_rsa\nansible_ssh_common_args='-o StrictHostKeyChecking=no'",
            "content_base64": null,
            "content_base64sha256": "iDtM7/6F86vt9uCfjVrJGSj2QBCpKOtJN2pqbqOZ5vo=",
            "content_base64sha512": "R35FnyQ0CaHH9FHl8IwiRTg30MNBg03GGApye9RuHVRlvecYuAHG+qQIMkxQd9pmNdTJUqCNhoXf06AFow/6GA==",
            "content_md5": "8acc71d603028a41ea955d3be16fe2bd",
            "content_sha1": "583adb07e3df825503bf8c0630cb1cfcb51c783e",
            "content_sha256": "883b4ceffe85f3abedf6e09f8d5ac91928f64010a928eb49376a6a6ea399e6fa",
            "content_sha512": "477e459f243409a1c7f451e5f08c22453837d0c341834dc6180a727bd46e1d5465bde718b801c6faa408324c5077da6635d4c952a08d8685dfd3a005a30ffa18",
            "directory_permission": "0777",
            "file_permission": "0777",
            "filename": "../ansible/inventory.ini",
            "id": "583adb07e3df825503bf8c0630cb1cfcb51c783e",
            "sensitive_content": null,
            "source": null
          },
          "sensitive_attributes": [
            [
              {
                "type": "get_attr",
                "value": "content"
              }
            ],
            [
              {
                "type": "get_attr",
                "value": "sensitive_content"
              }
            ]
          ],
          "identity_schema_version": 0,
          "dependencies": [
            "proxmox_vm_qemu.k8s"
          ]
        }
      ]
    },
    {
      "mode": "managed",
      "type": "proxmox_vm_qemu",
      "name": "k8s",
      "provider": "provider[\"registry.terraform.io/telmate/proxmox\"]",
      "instances": [
        {
          "index_key": 0,
          "schema_version": 0,
          "attributes": {
            "additional_wait": 5,
            "agent": 1,
            "agent_timeout": 90,
            "args": "",
            "automatic_reboot": true,
            "balloon": 0,
            "bios": "seabios",
            "boot": "c",
            "bootdisk": "",
            "ci_wait": null,
            "cicustom": null,
            "cipassword": "",
            "ciupgrade": false,
            "ciuser": "ubuntu",
            "clone": "ubuntu-server",
            "clone_id": null,
            "clone_wait": 10,
            "cores": 0,
            "cpu": [
              {
                "affinity": "",
                "cores": 2,
                "flags": [],
                "limit": 0,
                "numa": false,
                "sockets": 1,
                "type": "host",
                "units": 0,
                "vcores": 0
              }
            ],
            "cpu_type": "",
            "current_node": "jcz00-vm1",
            "default_ipv4_address": "10.3.6.132",
            "default_ipv6_address": "",
            "define_connection_info": true,
            "desc": null,
            "description": "Managed by Terraform.",
            "disk": [
              {
                "asyncio": "",
                "backup": true,
                "cache": "",
                "discard": false,
                "disk_file": "",
                "emulatessd": false,
                "format": "raw",
                "id": 0,
                "iops_r_burst": 0,
                "iops_r_burst_length": 0,
                "iops_r_concurrent": 0,
                "iops_wr_burst": 0,
                "iops_wr_burst_length": 0,
                "iops_wr_concurrent": 0,
                "iothread": false,
                "iso": "",
                "linked_disk_id": -1,
                "mbps_r_burst": 0,
                "mbps_r_concurrent": 0,
                "mbps_wr_burst": 0,
                "mbps_wr_concurrent": 0,
                "passthrough": false,
                "readonly": false,
                "replicate": false,
                "serial": "",
                "size": "50G",
                "slot": "virtio0",
                "storage": "local-lvm",
                "type": "disk",
                "wwn": ""
              }
            ],
            "disks": [],
            "efidisk": [],
            "force_create": false,
            "force_recreate_on_change_of": null,
            "full_clone": true,
            "hagroup": "",
            "hastate": "",
            "hostpci": [],
            "hotplug": "network,disk,usb",
            "id": "jcz00-vm1/qemu/105",
            "ipconfig0": "ip=dhcp",
            "ipconfig1": null,
            "ipconfig10": null,
            "ipconfig11": null,
            "ipconfig12": null,
            "ipconfig13": null,
            "ipconfig14": null,
            "ipconfig15": null,
            "ipconfig2": null,
            "ipconfig3": null,
            "ipconfig4": null,
            "ipconfig5": null,
            "ipconfig6": null,
            "ipconfig7": null,
            "ipconfig8": null,
            "ipconfig9": null,
            "kvm": true,
            "linked_vmid": 0,
            "machine": "",
            "memory": 8192,
            "name": "k8s-1",
            "nameserver": "1.1.1.1",
            "network": [
              {
                "bridge": "vmbr0",
                "firewall": false,
                "id": 0,
                "link_down": false,
                "macaddr": "bc:24:11:88:f4:de",
                "model": "virtio",
                "mtu": 0,
                "queues": 0,
                "rate": 0,
                "tag": 0
              }
            ],
            "numa": false,
            "onboot": false,
            "os_network_config": null,
            "os_type": null,
            "pci": [],
            "pcis": [],
            "pool": "",
            "protection": false,
            "pxe": null,
            "qemu_os": "other",
            "reboot_required": false,
            "rng": [],
            "scsihw": "virtio-scsi-pci",
            "searchdomain": "",
            "serial": [],
            "skip_ipv4": false,
            "skip_ipv6": false,
            "smbios": [
              {
                "family": "",
                "manufacturer": "",
                "product": "",
                "serial": "",
                "sku": "",
                "uuid": "d60f6f32-25b3-4876-bd09-63dce08c9204",
                "version": ""
              }
            ],
            "sockets": 0,
            "ssh_forward_ip": null,
            "ssh_host": "10.3.6.132",
            "ssh_port": "22",
            "ssh_private_key": null,
            "ssh_user": null,
            "sshkeys": "ssh-rsa AAAAB3NzaC1yc2EAAAADAQABAAACAQDk6SpyFkotVzuMEO2gkUYVIAYoeocxFeNrZI0y1bigrPSioPgUSgVvIDijCc8RVDn+Yme9xh4kQmzmvgNJh786mLtW074CfsU6h9Ip7A23N6wJUdX6W94wfu1o4USpue9axlCldRo50dcsHdwtzjhM6iOPG6Gx/U87TlTd83Z5BHJgHAs20cmc7N4cKnbcS4Pn6LBPoLN58rY4Gko2ld6CVV/jFA6OxqcPJK/WSz7kpqwv0Sh6USEFTolW115rEgItY3uPxxnI2y0Tea04Jr/4iixb3KG69CEC0Xva2pJzUeO5e1uFOILpWnu9VdoewZhBHYlHveO+Bii0Vajb60nyu2TdhBL943gw6CwyEZsoum79pQmvV0rg1YSm5wkD37N+kcLpyPHjsLugkpgcCiFn3iWZ1q0aEZ48FOCLT9pHqyG7TepVrrZ8gDQtZOehk74O6XqBhJkpqDw0iijEpjSO3Wsq8sgiwNkKp5UgJ9DQfBXWAgEWotAdcJsDPYWNaeMjELz3ARVOOfUxH43ZvzLlER4e+/K4REc6LNGNfAFXzcb3dWv4iZZyzIjylFea6sU+lz8CQDVVtjKu3y+1tkFF5vXtwwXInRc2AFY9D08ukrj6hQxH+TfbG7DzB6RQ6rRRAZHoO2UpzXI6JPKlp4fGfeq7pHQjViGiSplCXECpWw== nti@A8-NOTE-014\n",
            "startup": "",
            "tablet": true,
            "tags": " ",
            "target_node": "jcz00-vm1",
            "target_nodes": null,
            "timeouts": null,
            "tpm_state": [],
            "unused_disk": [],
            "usb": [],
            "usbs": [],
            "vcpus": 0,
            "vga": [],
            "vm_state": "running",
            "vmid": 105
          },
          "sensitive_attributes": [
            [
              {
                "type": "get_attr",
                "value": "cipassword"
              }
            ],
            [
              {
                "type": "get_attr",
                "value": "ssh_private_key"
              }
            ]
          ],
          "identity_schema_version": 0,
          "private": "eyJlMmJmYjczMC1lY2FhLTExZTYtOGY4OC0zNDM2M2JjN2M0YzAiOnsiY3JlYXRlIjoxMjAwMDAwMDAwMDAwLCJkZWZhdWx0IjoxMjAwMDAwMDAwMDAwLCJkZWxldGUiOjEyMDAwMDAwMDAwMDAsInJlYWQiOjEyMDAwMDAwMDAwMDAsInVwZGF0ZSI6MTIwMDAwMDAwMDAwMH19"
        },
        {
          "index_key": 1,
          "schema_version": 0,
          "attributes": {
            "additional_wait": 5,
            "agent": 1,
            "agent_timeout": 90,
            "args": "",
            "automatic_reboot": true,
            "balloon": 0,
            "bios": "seabios",
            "boot": "c",
            "bootdisk": "",
            "ci_wait": null,
            "cicustom": null,
            "cipassword": "",
            "ciupgrade": false,
            "ciuser": "ubuntu",
            "clone": "ubuntu-server",
            "clone_id": null,
            "clone_wait": 10,
            "cores": 0,
            "cpu": [
              {
                "affinity": "",
                "cores": 2,
                "flags": [],
                "limit": 0,
                "numa": false,
                "sockets": 1,
                "type": "host",
                "units": 0,
                "vcores": 0
              }
            ],
            "cpu_type": "",
            "current_node": "jcz00-vm1",
            "default_ipv4_address": "10.3.6.130",
            "default_ipv6_address": "",
            "define_connection_info": true,
            "desc": null,
            "description": "Managed by Terraform.",
            "disk": [
              {
                "asyncio": "",
                "backup": true,
                "cache": "",
                "discard": false,
                "disk_file": "",
                "emulatessd": false,
                "format": "raw",
                "id": 0,
                "iops_r_burst": 0,
                "iops_r_burst_length": 0,
                "iops_r_concurrent": 0,
                "iops_wr_burst": 0,
                "iops_wr_burst_length": 0,
                "iops_wr_concurrent": 0,
                "iothread": false,
                "iso": "",
                "linked_disk_id": -1,
                "mbps_r_burst": 0,
                "mbps_r_concurrent": 0,
                "mbps_wr_burst": 0,
                "mbps_wr_concurrent": 0,
                "passthrough": false,
                "readonly": false,
                "replicate": false,
                "serial": "",
                "size": "50G",
                "slot": "virtio0",
                "storage": "local-lvm",
                "type": "disk",
                "wwn": ""
              }
            ],
            "disks": [],
            "efidisk": [],
            "force_create": false,
            "force_recreate_on_change_of": null,
            "full_clone": true,
            "hagroup": "",
            "hastate": "",
            "hostpci": [],
            "hotplug": "network,disk,usb",
            "id": "jcz00-vm1/qemu/101",
            "ipconfig0": "ip=dhcp",
            "ipconfig1": null,
            "ipconfig10": null,
            "ipconfig11": null,
            "ipconfig12": null,
            "ipconfig13": null,
            "ipconfig14": null,
            "ipconfig15": null,
            "ipconfig2": null,
            "ipconfig3": null,
            "ipconfig4": null,
            "ipconfig5": null,
            "ipconfig6": null,
            "ipconfig7": null,
            "ipconfig8": null,
            "ipconfig9": null,
            "kvm": true,
            "linked_vmid": 0,
            "machine": "",
            "memory": 8192,
            "name": "k8s-2",
            "nameserver": "1.1.1.1",
            "network": [
              {
                "bridge": "vmbr0",
                "firewall": false,
                "id": 0,
                "link_down": false,
                "macaddr": "bc:24:11:7c:1f:f0",
                "model": "virtio",
                "mtu": 0,
                "queues": 0,
                "rate": 0,
                "tag": 0
              }
            ],
            "numa": false,
            "onboot": false,
            "os_network_config": null,
            "os_type": null,
            "pci": [],
            "pcis": [],
            "pool": "",
            "protection": false,
            "pxe": null,
            "qemu_os": "other",
            "reboot_required": false,
            "rng": [],
            "scsihw": "virtio-scsi-pci",
            "searchdomain": "",
            "serial": [],
            "skip_ipv4": false,
            "skip_ipv6": false,
            "smbios": [
              {
                "family": "",
                "manufacturer": "",
                "product": "",
                "serial": "",
                "sku": "",
                "uuid": "65658d3c-7cbd-42f2-a1ee-6a8ad4cf7eba",
                "version": ""
              }
            ],
            "sockets": 0,
            "ssh_forward_ip": null,
            "ssh_host": "10.3.6.130",
            "ssh_port": "22",
            "ssh_private_key": null,
            "ssh_user": null,
            "sshkeys": "ssh-rsa AAAAB3NzaC1yc2EAAAADAQABAAACAQDk6SpyFkotVzuMEO2gkUYVIAYoeocxFeNrZI0y1bigrPSioPgUSgVvIDijCc8RVDn+Yme9xh4kQmzmvgNJh786mLtW074CfsU6h9Ip7A23N6wJUdX6W94wfu1o4USpue9axlCldRo50dcsHdwtzjhM6iOPG6Gx/U87TlTd83Z5BHJgHAs20cmc7N4cKnbcS4Pn6LBPoLN58rY4Gko2ld6CVV/jFA6OxqcPJK/WSz7kpqwv0Sh6USEFTolW115rEgItY3uPxxnI2y0Tea04Jr/4iixb3KG69CEC0Xva2pJzUeO5e1uFOILpWnu9VdoewZhBHYlHveO+Bii0Vajb60nyu2TdhBL943gw6CwyEZsoum79pQmvV0rg1YSm5wkD37N+kcLpyPHjsLugkpgcCiFn3iWZ1q0aEZ48FOCLT9pHqyG7TepVrrZ8gDQtZOehk74O6XqBhJkpqDw0iijEpjSO3Wsq8sgiwNkKp5UgJ9DQfBXWAgEWotAdcJsDPYWNaeMjELz3ARVOOfUxH43ZvzLlER4e+/K4REc6LNGNfAFXzcb3dWv4iZZyzIjylFea6sU+lz8CQDVVtjKu3y+1tkFF5vXtwwXInRc2AFY9D08ukrj6hQxH+TfbG7DzB6RQ6rRRAZHoO2UpzXI6JPKlp4fGfeq7pHQjViGiSplCXECpWw== nti@A8-NOTE-014\n",
            "startup": "",
            "tablet": true,
            "tags": " ",
            "target_node": "jcz00-vm1",
            "target_nodes": null,
            "timeouts": null,
            "tpm_state": [],
            "unused_disk": [],
            "usb": [],
            "usbs": [],
            "vcpus": 0,
            "vga": [],
            "vm_state": "running",
            "vmid": 101
          },
          "sensitive_attributes": [
            [
              {
                "type": "get_attr",
                "value": "cipassword"
              }
            ],
            [
              {
                "type": "get_attr",
                "value": "ssh_private_key"
              }
            ]
          ],
          "identity_schema_version": 0,
          "private": "eyJlMmJmYjczMC1lY2FhLTExZTYtOGY4OC0zNDM2M2JjN2M0YzAiOnsiY3JlYXRlIjoxMjAwMDAwMDAwMDAwLCJkZWZhdWx0IjoxMjAwMDAwMDAwMDAwLCJkZWxldGUiOjEyMDAwMDAwMDAwMDAsInJlYWQiOjEyMDAwMDAwMDAwMDAsInVwZGF0ZSI6MTIwMDAwMDAwMDAwMH19"
        },
        {
          "index_key": 2,
          "schema_version": 0,
          "attributes": {
            "additional_wait": 5,
            "agent": 1,
            "agent_timeout": 90,
            "args": "",
            "automatic_reboot": true,
            "balloon": 0,
            "bios": "seabios",
            "boot": "c",
            "bootdisk": "",
            "ci_wait": null,
            "cicustom": null,
            "cipassword": "",
            "ciupgrade": false,
            "ciuser": "ubuntu",
            "clone": "ubuntu-server",
            "clone_id": null,
            "clone_wait": 10,
            "cores": 0,
            "cpu": [
              {
                "affinity": "",
                "cores": 2,
                "flags": [],
                "limit": 0,
                "numa": false,
                "sockets": 1,
                "type": "host",
                "units": 0,
                "vcores": 0
              }
            ],
            "cpu_type": "",
            "current_node": "jcz00-vm1",
            "default_ipv4_address": "10.3.6.131",
            "default_ipv6_address": "",
            "define_connection_info": true,
            "desc": null,
            "description": "Managed by Terraform.",
            "disk": [
              {
                "asyncio": "",
                "backup": true,
                "cache": "",
                "discard": false,
                "disk_file": "",
                "emulatessd": false,
                "format": "raw",
                "id": 0,
                "iops_r_burst": 0,
                "iops_r_burst_length": 0,
                "iops_r_concurrent": 0,
                "iops_wr_burst": 0,
                "iops_wr_burst_length": 0,
                "iops_wr_concurrent": 0,
                "iothread": false,
                "iso": "",
                "linked_disk_id": -1,
                "mbps_r_burst": 0,
                "mbps_r_concurrent": 0,
                "mbps_wr_burst": 0,
                "mbps_wr_concurrent": 0,
                "passthrough": false,
                "readonly": false,
                "replicate": false,
                "serial": "",
                "size": "50G",
                "slot": "virtio0",
                "storage": "local-lvm",
                "type": "disk",
                "wwn": ""
              }
            ],
            "disks": [],
            "efidisk": [],
            "force_create": false,
            "force_recreate_on_change_of": null,
            "full_clone": true,
            "hagroup": "",
            "hastate": "",
            "hostpci": [],
            "hotplug": "network,disk,usb",
            "id": "jcz00-vm1/qemu/103",
            "ipconfig0": "ip=dhcp",
            "ipconfig1": null,
            "ipconfig10": null,
            "ipconfig11": null,
            "ipconfig12": null,
            "ipconfig13": null,
            "ipconfig14": null,
            "ipconfig15": null,
            "ipconfig2": null,
            "ipconfig3": null,
            "ipconfig4": null,
            "ipconfig5": null,
            "ipconfig6": null,
            "ipconfig7": null,
            "ipconfig8": null,
            "ipconfig9": null,
            "kvm": true,
            "linked_vmid": 0,
            "machine": "",
            "memory": 8192,
            "name": "k8s-3",
            "nameserver": "1.1.1.1",
            "network": [
              {
                "bridge": "vmbr0",
                "firewall": false,
                "id": 0,
                "link_down": false,
                "macaddr": "bc:24:11:1c:9e:6b",
                "model": "virtio",
                "mtu": 0,
                "queues": 0,
                "rate": 0,
                "tag": 0
              }
            ],
            "numa": false,
            "onboot": false,
            "os_network_config": null,
            "os_type": null,
            "pci": [],
            "pcis": [],
            "pool": "",
            "protection": false,
            "pxe": null,
            "qemu_os": "other",
            "reboot_required": false,
            "rng": [],
            "scsihw": "virtio-scsi-pci",
            "searchdomain": "",
            "serial": [],
            "skip_ipv4": false,
            "skip_ipv6": false,
            "smbios": [
              {
                "family": "",
                "manufacturer": "",
                "product": "",
                "serial": "",
                "sku": "",
                "uuid": "31c9dd1c-2c5e-41d5-b067-d13c80b1382a",
                "version": ""
              }
            ],
            "sockets": 0,
            "ssh_forward_ip": null,
            "ssh_host": "10.3.6.131",
            "ssh_port": "22",
            "ssh_private_key": null,
            "ssh_user": null,
            "sshkeys": "ssh-rsa AAAAB3NzaC1yc2EAAAADAQABAAACAQDk6SpyFkotVzuMEO2gkUYVIAYoeocxFeNrZI0y1bigrPSioPgUSgVvIDijCc8RVDn+Yme9xh4kQmzmvgNJh786mLtW074CfsU6h9Ip7A23N6wJUdX6W94wfu1o4USpue9axlCldRo50dcsHdwtzjhM6iOPG6Gx/U87TlTd83Z5BHJgHAs20cmc7N4cKnbcS4Pn6LBPoLN58rY4Gko2ld6CVV/jFA6OxqcPJK/WSz7kpqwv0Sh6USEFTolW115rEgItY3uPxxnI2y0Tea04Jr/4iixb3KG69CEC0Xva2pJzUeO5e1uFOILpWnu9VdoewZhBHYlHveO+Bii0Vajb60nyu2TdhBL943gw6CwyEZsoum79pQmvV0rg1YSm5wkD37N+kcLpyPHjsLugkpgcCiFn3iWZ1q0aEZ48FOCLT9pHqyG7TepVrrZ8gDQtZOehk74O6XqBhJkpqDw0iijEpjSO3Wsq8sgiwNkKp5UgJ9DQfBXWAgEWotAdcJsDPYWNaeMjELz3ARVOOfUxH43ZvzLlER4e+/K4REc6LNGNfAFXzcb3dWv4iZZyzIjylFea6sU+lz8CQDVVtjKu3y+1tkFF5vXtwwXInRc2AFY9D08ukrj6hQxH+TfbG7DzB6RQ6rRRAZHoO2UpzXI6JPKlp4fGfeq7pHQjViGiSplCXECpWw== nti@A8-NOTE-014\n",
            "startup": "",
            "tablet": true,
            "tags": " ",
            "target_node": "jcz00-vm1",
            "target_nodes": null,
            "timeouts": null,
            "tpm_state": [],
            "unused_disk": [],
            "usb": [],
            "usbs": [],
            "vcpus": 0,
            "vga": [],
            "vm_state": "running",
            "vmid": 103
          },
          "sensitive_attributes": [
            [
              {
                "type": "get_attr",
                "value": "cipassword"
              }
            ],
            [
              {
                "type": "get_attr",
                "value": "ssh_private_key"
              }
            ]
          ],
          "identity_schema_version": 0,
          "private": "eyJlMmJmYjczMC1lY2FhLTExZTYtOGY4OC0zNDM2M2JjN2M0YzAiOnsiY3JlYXRlIjoxMjAwMDAwMDAwMDAwLCJkZWZhdWx0IjoxMjAwMDAwMDAwMDAwLCJkZWxldGUiOjEyMDAwMDAwMDAwMDAsInJlYWQiOjEyMDAwMDAwMDAwMDAsInVwZGF0ZSI6MTIwMDAwMDAwMDAwMH19"
        }
      ]
    }
  ],
  "check_results": null
}
