{
  "version": 4,
  "terraform_version": "1.13.3",
  "serial": 35,
  "lineage": "b25df15e-f561-d520-ec6b-11ae5c9f5e46",
  "outputs": {},
  "resources": [
    {
      "mode": "managed",
      "type": "proxmox_vm_qemu",
      "name": "k8s",
      "provider": "provider[\"registry.terraform.io/telmate/proxmox\"]",
      "instances": [
        {
          "index_key": 0,
          "schema_version": 0,
          "attributes": {
            "additional_wait": 5,
            "agent": 0,
            "agent_timeout": 90,
            "args": "",
            "automatic_reboot": true,
            "balloon": 0,
            "bios": "seabios",
            "boot": "c",
            "bootdisk": "",
            "ci_wait": null,
            "cicustom": null,
            "cipassword": "",
            "ciupgrade": false,
            "ciuser": "ubuntu",
            "clone": "ubuntu-server",
            "clone_id": null,
            "clone_wait": 10,
            "cores": 0,
            "cpu": [
              {
                "affinity": "",
                "cores": 1,
                "flags": [],
                "limit": 0,
                "numa": false,
                "sockets": 1,
                "type": "host",
                "units": 0,
                "vcores": 0
              }
            ],
            "cpu_type": "",
            "current_node": "host01",
            "default_ipv4_address": "",
            "default_ipv6_address": "",
            "define_connection_info": true,
            "desc": null,
            "description": "Managed by Terraform.",
            "disk": [
              {
                "asyncio": "",
                "backup": true,
                "cache": "",
                "discard": false,
                "disk_file": "",
                "emulatessd": false,
                "format": "raw",
                "id": 1,
                "iops_r_burst": 0,
                "iops_r_burst_length": 0,
                "iops_r_concurrent": 0,
                "iops_wr_burst": 0,
                "iops_wr_burst_length": 0,
                "iops_wr_concurrent": 0,
                "iothread": false,
                "iso": "",
                "linked_disk_id": -1,
                "mbps_r_burst": 0,
                "mbps_r_concurrent": 0,
                "mbps_wr_burst": 0,
                "mbps_wr_concurrent": 0,
                "passthrough": false,
                "readonly": false,
                "replicate": false,
                "serial": "",
                "size": "10G",
                "slot": "virtio0",
                "storage": "local-lvm",
                "type": "disk",
                "wwn": ""
              }
            ],
            "disks": [],
            "efidisk": [],
            "force_create": false,
            "force_recreate_on_change_of": null,
            "full_clone": true,
            "hagroup": "",
            "hastate": "",
            "hostpci": [],
            "hotplug": "network,disk,usb",
            "id": "host01/qemu/100",
            "ipconfig0": "ip=dhcp",
            "ipconfig1": null,
            "ipconfig10": null,
            "ipconfig11": null,
            "ipconfig12": null,
            "ipconfig13": null,
            "ipconfig14": null,
            "ipconfig15": null,
            "ipconfig2": null,
            "ipconfig3": null,
            "ipconfig4": null,
            "ipconfig5": null,
            "ipconfig6": null,
            "ipconfig7": null,
            "ipconfig8": null,
            "ipconfig9": null,
            "kvm": true,
            "linked_vmid": 0,
            "machine": "",
            "memory": 1536,
            "name": "k8s-1",
            "nameserver": "1.1.1.1",
            "network": [
              {
                "bridge": "vmbr0",
                "firewall": false,
                "id": 0,
                "link_down": false,
                "macaddr": "bc:24:11:cb:56:e7",
                "model": "virtio",
                "mtu": 0,
                "queues": 0,
                "rate": 0,
                "tag": 0
              }
            ],
            "numa": false,
            "onboot": false,
            "os_network_config": null,
            "os_type": null,
            "pci": [],
            "pcis": [],
            "pool": "",
            "protection": false,
            "pxe": null,
            "qemu_os": "other",
            "reboot_required": false,
            "rng": [],
            "scsihw": "virtio-scsi-pci",
            "searchdomain": "",
            "serial": [],
            "skip_ipv4": false,
            "skip_ipv6": false,
            "smbios": [
              {
                "family": "",
                "manufacturer": "",
                "product": "",
                "serial": "",
                "sku": "",
                "uuid": "3a65b06d-dafa-4cc6-b270-03d2544c2743",
                "version": ""
              }
            ],
            "sockets": 0,
            "ssh_forward_ip": null,
            "ssh_host": "",
            "ssh_port": "22",
            "ssh_private_key": null,
            "ssh_user": null,
            "sshkeys": "ssh-rsa AAAAB3NzaC1yc2EAAAADAQABAAACAQDEZw1ZhihF3Qf4M8NWNy5VjcMb2SozL4aZ2OC+vL/fyllDqEKDMrs1GHxqKeH415NwCFImSvdbsyjpp5JnEZvGl1r8sxd6UWWGc9mTX5zoR1iDX4XTENi23Oa0Px3sCjO1Bdx/FXWI9kzdJ1pFTtiAen91Sb1QJOIv2D1LnLXBAFFNQdRNfiI4vg+JhhbPLy9JpgtOtmjNXR6fUuovGdt1bd8sNeolOFfmJ7nYZyvMkH4O+Ihfa6OHcdCtZ3tZPJsG2AjYm/rsvfLnPb8hvA3+ShEjif5IDt6qSggF+ApKxAuB5QlWH8JZULwxB53Onxj+4vQE+j/FrSA2gDS6Gu4sXoZF2VfG3QWSIxRRwrHjRuQ1MvfKrkHmjkfXLLdEzU3yNdPR9LvRLMkc8uV+b4X3ZpXyvBtrZX0dbxgQLLQGkOr/HiRuvzigtdv5pWN/XCffMkuNltYw89GL8lVS4Nkj+mp3Ff12XmF+ftfjWJe4bqYFN1arcGu41E3i+TZRDaTEhBuXmDBnRqmGfago0c0JZUI3L6gx5sm2JSLsIloRUfZd818KUin+V1XtN5bSaFiEVWSfKN2NggfKbSSuA4qP0IlT/w9u6qYLKU4k9GfN3nHkhmMWnrtMmlq8/vaqYrRn+e8DdIg+BGWsLepChG1kEnsPLl6DQlVc2dpS+QccDw== itn@zer0kau\n",
            "startup": "",
            "tablet": true,
            "tags": " ",
            "target_node": "host01",
            "target_nodes": null,
            "timeouts": null,
            "tpm_state": [],
            "unused_disk": [],
            "usb": [],
            "usbs": [],
            "vcpus": 0,
            "vga": [],
            "vm_state": "running",
            "vmid": 100
          },
          "sensitive_attributes": [
            [
              {
                "type": "get_attr",
                "value": "cipassword"
              }
            ],
            [
              {
                "type": "get_attr",
                "value": "ssh_private_key"
              }
            ]
          ],
          "identity_schema_version": 0,
          "private": "eyJlMmJmYjczMC1lY2FhLTExZTYtOGY4OC0zNDM2M2JjN2M0YzAiOnsiY3JlYXRlIjoxMjAwMDAwMDAwMDAwLCJkZWZhdWx0IjoxMjAwMDAwMDAwMDAwLCJkZWxldGUiOjEyMDAwMDAwMDAwMDAsInJlYWQiOjEyMDAwMDAwMDAwMDAsInVwZGF0ZSI6MTIwMDAwMDAwMDAwMH19"
        },
        {
          "index_key": 1,
          "schema_version": 0,
          "attributes": {
            "additional_wait": 5,
            "agent": 0,
            "agent_timeout": 90,
            "args": "",
            "automatic_reboot": true,
            "balloon": 0,
            "bios": "seabios",
            "boot": "c",
            "bootdisk": "",
            "ci_wait": null,
            "cicustom": null,
            "cipassword": "",
            "ciupgrade": false,
            "ciuser": "ubuntu",
            "clone": "ubuntu-server",
            "clone_id": null,
            "clone_wait": 10,
            "cores": 0,
            "cpu": [
              {
                "affinity": "",
                "cores": 1,
                "flags": [],
                "limit": 0,
                "numa": false,
                "sockets": 1,
                "type": "host",
                "units": 0,
                "vcores": 0
              }
            ],
            "cpu_type": "",
            "current_node": "host01",
            "default_ipv4_address": "",
            "default_ipv6_address": "",
            "define_connection_info": true,
            "desc": null,
            "description": "Managed by Terraform.",
            "disk": [
              {
                "asyncio": "",
                "backup": true,
                "cache": "",
                "discard": false,
                "disk_file": "",
                "emulatessd": false,
                "format": "raw",
                "id": 0,
                "iops_r_burst": 0,
                "iops_r_burst_length": 0,
                "iops_r_concurrent": 0,
                "iops_wr_burst": 0,
                "iops_wr_burst_length": 0,
                "iops_wr_concurrent": 0,
                "iothread": false,
                "iso": "",
                "linked_disk_id": -1,
                "mbps_r_burst": 0,
                "mbps_r_concurrent": 0,
                "mbps_wr_burst": 0,
                "mbps_wr_concurrent": 0,
                "passthrough": false,
                "readonly": false,
                "replicate": false,
                "serial": "",
                "size": "10G",
                "slot": "virtio0",
                "storage": "local-lvm",
                "type": "disk",
                "wwn": ""
              }
            ],
            "disks": [],
            "efidisk": [],
            "force_create": false,
            "force_recreate_on_change_of": null,
            "full_clone": true,
            "hagroup": "",
            "hastate": "",
            "hostpci": [],
            "hotplug": "network,disk,usb",
            "id": "host01/qemu/101",
            "ipconfig0": "ip=dhcp",
            "ipconfig1": null,
            "ipconfig10": null,
            "ipconfig11": null,
            "ipconfig12": null,
            "ipconfig13": null,
            "ipconfig14": null,
            "ipconfig15": null,
            "ipconfig2": null,
            "ipconfig3": null,
            "ipconfig4": null,
            "ipconfig5": null,
            "ipconfig6": null,
            "ipconfig7": null,
            "ipconfig8": null,
            "ipconfig9": null,
            "kvm": true,
            "linked_vmid": 0,
            "machine": "",
            "memory": 1536,
            "name": "k8s-2",
            "nameserver": "1.1.1.1",
            "network": [
              {
                "bridge": "vmbr0",
                "firewall": false,
                "id": 0,
                "link_down": false,
                "macaddr": "bc:24:11:bc:96:34",
                "model": "virtio",
                "mtu": 0,
                "queues": 0,
                "rate": 0,
                "tag": 0
              }
            ],
            "numa": false,
            "onboot": false,
            "os_network_config": null,
            "os_type": null,
            "pci": [],
            "pcis": [],
            "pool": "",
            "protection": false,
            "pxe": null,
            "qemu_os": "other",
            "reboot_required": false,
            "rng": [],
            "scsihw": "virtio-scsi-pci",
            "searchdomain": "",
            "serial": [],
            "skip_ipv4": false,
            "skip_ipv6": false,
            "smbios": [
              {
                "family": "",
                "manufacturer": "",
                "product": "",
                "serial": "",
                "sku": "",
                "uuid": "040ba62f-eec3-4324-bc43-7eac74703efe",
                "version": ""
              }
            ],
            "sockets": 0,
            "ssh_forward_ip": null,
            "ssh_host": "",
            "ssh_port": "22",
            "ssh_private_key": null,
            "ssh_user": null,
            "sshkeys": "ssh-rsa AAAAB3NzaC1yc2EAAAADAQABAAACAQDEZw1ZhihF3Qf4M8NWNy5VjcMb2SozL4aZ2OC+vL/fyllDqEKDMrs1GHxqKeH415NwCFImSvdbsyjpp5JnEZvGl1r8sxd6UWWGc9mTX5zoR1iDX4XTENi23Oa0Px3sCjO1Bdx/FXWI9kzdJ1pFTtiAen91Sb1QJOIv2D1LnLXBAFFNQdRNfiI4vg+JhhbPLy9JpgtOtmjNXR6fUuovGdt1bd8sNeolOFfmJ7nYZyvMkH4O+Ihfa6OHcdCtZ3tZPJsG2AjYm/rsvfLnPb8hvA3+ShEjif5IDt6qSggF+ApKxAuB5QlWH8JZULwxB53Onxj+4vQE+j/FrSA2gDS6Gu4sXoZF2VfG3QWSIxRRwrHjRuQ1MvfKrkHmjkfXLLdEzU3yNdPR9LvRLMkc8uV+b4X3ZpXyvBtrZX0dbxgQLLQGkOr/HiRuvzigtdv5pWN/XCffMkuNltYw89GL8lVS4Nkj+mp3Ff12XmF+ftfjWJe4bqYFN1arcGu41E3i+TZRDaTEhBuXmDBnRqmGfago0c0JZUI3L6gx5sm2JSLsIloRUfZd818KUin+V1XtN5bSaFiEVWSfKN2NggfKbSSuA4qP0IlT/w9u6qYLKU4k9GfN3nHkhmMWnrtMmlq8/vaqYrRn+e8DdIg+BGWsLepChG1kEnsPLl6DQlVc2dpS+QccDw== itn@zer0kau\n",
            "startup": "",
            "tablet": true,
            "tags": " ",
            "target_node": "host01",
            "target_nodes": null,
            "timeouts": null,
            "tpm_state": [],
            "unused_disk": [],
            "usb": [],
            "usbs": [],
            "vcpus": 0,
            "vga": [],
            "vm_state": "running",
            "vmid": 101
          },
          "sensitive_attributes": [
            [
              {
                "type": "get_attr",
                "value": "cipassword"
              }
            ],
            [
              {
                "type": "get_attr",
                "value": "ssh_private_key"
              }
            ]
          ],
          "identity_schema_version": 0,
          "private": "eyJlMmJmYjczMC1lY2FhLTExZTYtOGY4OC0zNDM2M2JjN2M0YzAiOnsiY3JlYXRlIjoxMjAwMDAwMDAwMDAwLCJkZWZhdWx0IjoxMjAwMDAwMDAwMDAwLCJkZWxldGUiOjEyMDAwMDAwMDAwMDAsInJlYWQiOjEyMDAwMDAwMDAwMDAsInVwZGF0ZSI6MTIwMDAwMDAwMDAwMH19"
        }
      ]
    }
  ],
  "check_results": null
}
